PODS:
  - FFToolkit (0.0.2)
  - FlurrySDK (4.2.3)
  - TestFlightSDK (2.0)

DEPENDENCIES:
  - FFToolkit (from `../FFToolkit`)
  - FlurrySDK
  - TestFlightSDK

EXTERNAL SOURCES:
  FFToolkit:
    :path: ../FFToolkit

SPEC CHECKSUMS:
  FFToolkit: 3416cc81e07d6db6decb89a8440d8f4110e932ce
  FlurrySDK: 20b3fd669eeafd005ca8ff65a1406d1befbc8031
  TestFlightSDK: 940906d4b2550cf397c6f2d2fcc4ebfdcd8ae858

COCOAPODS: 0.25.0
