<?xml version="1.0" encoding="UTF-8"?>
<!DOCTYPE plist PUBLIC "-//Apple//DTD PLIST 1.0//EN" "http://www.apple.com/DTDs/PropertyList-1.0.dtd">
<plist version="1.0">
<dict>
	<key>archiveVersion</key>
	<string>1</string>
	<key>classes</key>
	<dict/>
	<key>objectVersion</key>
	<string>46</string>
	<key>objects</key>
	<dict>
		<key>015565386A24414E95CD317C</key>
		<dict>
			<key>buildActionMask</key>
			<string>2147483647</string>
			<key>files</key>
			<array/>
			<key>inputPaths</key>
			<array/>
			<key>isa</key>
			<string>PBXShellScriptBuildPhase</string>
			<key>name</key>
			<string>Check Pods Manifest.lock</string>
			<key>outputPaths</key>
			<array/>
			<key>runOnlyForDeploymentPostprocessing</key>
			<string>0</string>
			<key>shellPath</key>
			<string>/bin/sh</string>
			<key>shellScript</key>
			<string>diff "${PODS_ROOT}/../Podfile.lock" "${PODS_ROOT}/Manifest.lock" &gt; /dev/null
if [[ $? != 0 ]] ; then
    cat &lt;&lt; EOM
error: The sandbox is not in sync with the Podfile.lock. Run 'pod install' or update your CocoaPods installation.
EOM
    exit 1
fi
</string>
			<key>showEnvVarsInLog</key>
			<string>0</string>
		</dict>
		<key>25FDB9638A0341EA864CE6CB</key>
		<dict>
			<key>fileRef</key>
			<string>E506E5CB430742129E078A47</string>
			<key>isa</key>
			<string>PBXBuildFile</string>
		</dict>
		<key>65830713A62448A58A7B3480</key>
		<dict>
			<key>fileRef</key>
			<string>E506E5CB430742129E078A47</string>
			<key>isa</key>
			<string>PBXBuildFile</string>
		</dict>
		<key>6800F02917CF277700337E27</key>
		<dict>
			<key>children</key>
			<array>
				<string>684F4FAA17CD6B7F00C1E066</string>
				<string>68CFF05A17B7946900BD9DE1</string>
			</array>
			<key>isa</key>
			<string>PBXGroup</string>
			<key>name</key>
			<string>FortyTwoKit</string>
			<key>path</key>
			<string>FortyTwo</string>
			<key>sourceTree</key>
			<string>&lt;group&gt;</string>
		</dict>
		<key>6800F02A17CF418800337E27</key>
		<dict>
			<key>children</key>
			<array>
				<string>684F4FA217CD077B00C1E066</string>
				<string>684F4FA317CD077B00C1E066</string>
			</array>
			<key>isa</key>
			<string>PBXGroup</string>
			<key>name</key>
			<string>Controllers</string>
			<key>sourceTree</key>
			<string>&lt;group&gt;</string>
		</dict>
		<key>6800F02B17CF418F00337E27</key>
		<dict>
			<key>children</key>
			<array>
				<string>684F4FA517CD08A200C1E066</string>
				<string>684F4FA617CD08A200C1E066</string>
			</array>
			<key>isa</key>
			<string>PBXGroup</string>
			<key>name</key>
			<string>Views</string>
			<key>sourceTree</key>
			<string>&lt;group&gt;</string>
		</dict>
		<key>680EDCF617D6CC2600EEACE8</key>
		<dict>
			<key>fileEncoding</key>
			<string>4</string>
			<key>isa</key>
			<string>PBXFileReference</string>
			<key>lastKnownFileType</key>
			<string>sourcecode.c.h</string>
			<key>path</key>
			<string>FTTShoutDetector.h</string>
			<key>sourceTree</key>
			<string>&lt;group&gt;</string>
		</dict>
		<key>680EDCF717D6CC2600EEACE8</key>
		<dict>
			<key>fileEncoding</key>
			<string>4</string>
			<key>isa</key>
			<string>PBXFileReference</string>
			<key>lastKnownFileType</key>
			<string>sourcecode.c.objc</string>
			<key>path</key>
			<string>FTTShoutDetector.m</string>
			<key>sourceTree</key>
			<string>&lt;group&gt;</string>
		</dict>
		<key>680EDCF817D6CC2600EEACE8</key>
		<dict>
			<key>fileRef</key>
			<string>680EDCF717D6CC2600EEACE8</string>
			<key>isa</key>
			<string>PBXBuildFile</string>
		</dict>
		<key>680EDCF917D6D12F00EEACE8</key>
		<dict>
			<key>fileEncoding</key>
			<string>4</string>
			<key>isa</key>
			<string>PBXFileReference</string>
			<key>lastKnownFileType</key>
			<string>sourcecode.c.h</string>
			<key>path</key>
			<string>FFGameCenterManager.h</string>
			<key>sourceTree</key>
			<string>&lt;group&gt;</string>
		</dict>
		<key>680EDCFA17D6D12F00EEACE8</key>
		<dict>
			<key>fileEncoding</key>
			<string>4</string>
			<key>isa</key>
			<string>PBXFileReference</string>
			<key>lastKnownFileType</key>
			<string>sourcecode.c.objc</string>
			<key>path</key>
			<string>FFGameCenterManager.m</string>
			<key>sourceTree</key>
			<string>&lt;group&gt;</string>
		</dict>
		<key>680EDCFB17D6D12F00EEACE8</key>
		<dict>
			<key>fileRef</key>
			<string>680EDCFA17D6D12F00EEACE8</string>
			<key>isa</key>
			<string>PBXBuildFile</string>
		</dict>
		<key>680EDCFC17D6DF0E00EEACE8</key>
		<dict>
			<key>buildActionMask</key>
			<string>2147483647</string>
			<key>files</key>
			<array/>
			<key>isa</key>
			<string>PBXSourcesBuildPhase</string>
			<key>runOnlyForDeploymentPostprocessing</key>
			<string>0</string>
		</dict>
		<key>680EDCFD17D6DF0E00EEACE8</key>
		<dict>
			<key>buildActionMask</key>
			<string>2147483647</string>
			<key>files</key>
			<array>
				<string>680EDD0117D6DF0E00EEACE8</string>
				<string>680EDD0217D6DF0E00EEACE8</string>
				<string>680EDD0317D6DF0E00EEACE8</string>
				<string>65830713A62448A58A7B3480</string>
			</array>
			<key>isa</key>
			<string>PBXFrameworksBuildPhase</string>
			<key>runOnlyForDeploymentPostprocessing</key>
			<string>0</string>
		</dict>
		<key>680EDCFE17D6DF0E00EEACE8</key>
		<dict>
			<key>buildActionMask</key>
			<string>2147483647</string>
			<key>files</key>
			<array>
				<string>680EDD3017D6DF8B00EEACE8</string>
				<string>680EDD3117D6DFB800EEACE8</string>
				<string>680EDD3217D6DFF000EEACE8</string>
				<string>680EDD3317D6DFF200EEACE8</string>
				<string>680EDD3417D6DFF500EEACE8</string>
				<string>680EDD3517D6DFFD00EEACE8</string>
				<string>680EDD3617D6E00000EEACE8</string>
				<string>680EDD3717D6E00500EEACE8</string>
				<string>680EDD3817D6E00800EEACE8</string>
			</array>
			<key>isa</key>
			<string>PBXResourcesBuildPhase</string>
			<key>runOnlyForDeploymentPostprocessing</key>
			<string>0</string>
		</dict>
		<key>680EDCFF17D6DF0E00EEACE8</key>
		<dict>
			<key>buildConfigurationList</key>
			<string>680EDD2A17D6DF0E00EEACE8</string>
			<key>buildPhases</key>
			<array>
				<string>015565386A24414E95CD317C</string>
				<string>680EDCFC17D6DF0E00EEACE8</string>
				<string>680EDCFD17D6DF0E00EEACE8</string>
				<string>680EDCFE17D6DF0E00EEACE8</string>
				<string>A96349C73D9247C1B2BEE5A7</string>
			</array>
			<key>buildRules</key>
			<array/>
			<key>dependencies</key>
			<array/>
			<key>isa</key>
			<string>PBXNativeTarget</string>
			<key>name</key>
			<string>FortyTwoBeta</string>
			<key>productName</key>
			<string>FortyTwoBeta</string>
			<key>productReference</key>
			<string>680EDD0017D6DF0E00EEACE8</string>
			<key>productType</key>
			<string>com.apple.product-type.application</string>
		</dict>
		<key>680EDD0017D6DF0E00EEACE8</key>
		<dict>
			<key>explicitFileType</key>
			<string>wrapper.application</string>
			<key>includeInIndex</key>
			<string>0</string>
			<key>isa</key>
			<string>PBXFileReference</string>
			<key>path</key>
			<string>FortyTwoBeta.app</string>
			<key>sourceTree</key>
			<string>BUILT_PRODUCTS_DIR</string>
		</dict>
		<key>680EDD0117D6DF0E00EEACE8</key>
		<dict>
			<key>fileRef</key>
			<string>68E12D3817B604B400CCCA01</string>
			<key>isa</key>
			<string>PBXBuildFile</string>
		</dict>
		<key>680EDD0217D6DF0E00EEACE8</key>
		<dict>
			<key>fileRef</key>
			<string>68E12D3A17B604B400CCCA01</string>
			<key>isa</key>
			<string>PBXBuildFile</string>
		</dict>
		<key>680EDD0317D6DF0E00EEACE8</key>
		<dict>
			<key>fileRef</key>
			<string>68E12D3C17B604B400CCCA01</string>
			<key>isa</key>
			<string>PBXBuildFile</string>
		</dict>
		<key>680EDD0417D6DF0E00EEACE8</key>
		<dict>
			<key>children</key>
			<array>
				<string>680EDD0517D6DF0E00EEACE8</string>
			</array>
			<key>isa</key>
			<string>PBXGroup</string>
			<key>path</key>
			<string>FortyTwoBeta</string>
			<key>sourceTree</key>
			<string>&lt;group&gt;</string>
		</dict>
		<key>680EDD0517D6DF0E00EEACE8</key>
		<dict>
			<key>children</key>
			<array>
				<string>680EDD0617D6DF0E00EEACE8</string>
			</array>
			<key>isa</key>
			<string>PBXGroup</string>
			<key>name</key>
			<string>Supporting Files</string>
			<key>sourceTree</key>
			<string>&lt;group&gt;</string>
		</dict>
		<key>680EDD0617D6DF0E00EEACE8</key>
		<dict>
			<key>isa</key>
			<string>PBXFileReference</string>
			<key>lastKnownFileType</key>
			<string>text.plist.xml</string>
			<key>path</key>
			<string>FortyTwoBeta-Info.plist</string>
			<key>sourceTree</key>
			<string>&lt;group&gt;</string>
		</dict>
		<key>680EDD2A17D6DF0E00EEACE8</key>
		<dict>
			<key>buildConfigurations</key>
			<array>
				<string>680EDD2B17D6DF0E00EEACE8</string>
				<string>680EDD2C17D6DF0E00EEACE8</string>
			</array>
			<key>defaultConfigurationIsVisible</key>
			<string>0</string>
			<key>isa</key>
			<string>XCConfigurationList</string>
		</dict>
		<key>680EDD2B17D6DF0E00EEACE8</key>
		<dict>
			<key>baseConfigurationReference</key>
			<string>B7A1CE0C22884CB4A8A417B4</string>
			<key>buildSettings</key>
			<dict>
				<key>CODE_SIGN_IDENTITY[sdk=iphoneos*]</key>
				<string>iPhone Developer</string>
				<key>GCC_PRECOMPILE_PREFIX_HEADER</key>
				<string>YES</string>
				<key>GCC_PREFIX_HEADER</key>
				<string>FortyTwoBeta/FortyTwoBeta-Prefix.pch</string>
				<key>INFOPLIST_FILE</key>
				<string>FortyTwoBeta/FortyTwoBeta-Info.plist</string>
				<key>IPHONEOS_DEPLOYMENT_TARGET</key>
				<string>6.0</string>
				<key>PRODUCT_NAME</key>
				<string>$(TARGET_NAME)</string>
				<key>TARGETED_DEVICE_FAMILY</key>
				<string>1,2</string>
				<key>WRAPPER_EXTENSION</key>
				<string>app</string>
			</dict>
			<key>isa</key>
			<string>XCBuildConfiguration</string>
			<key>name</key>
			<string>Debug</string>
		</dict>
		<key>680EDD2C17D6DF0E00EEACE8</key>
		<dict>
			<key>baseConfigurationReference</key>
			<string>B7A1CE0C22884CB4A8A417B4</string>
			<key>buildSettings</key>
			<dict>
				<key>CODE_SIGN_IDENTITY[sdk=iphoneos*]</key>
				<string>iPhone Developer</string>
				<key>GCC_PRECOMPILE_PREFIX_HEADER</key>
				<string>YES</string>
				<key>GCC_PREFIX_HEADER</key>
				<string>FortyTwoBeta/FortyTwoBeta-Prefix.pch</string>
				<key>INFOPLIST_FILE</key>
				<string>FortyTwoBeta/FortyTwoBeta-Info.plist</string>
				<key>IPHONEOS_DEPLOYMENT_TARGET</key>
				<string>6.0</string>
				<key>PRODUCT_NAME</key>
				<string>$(TARGET_NAME)</string>
				<key>TARGETED_DEVICE_FAMILY</key>
				<string>1,2</string>
				<key>WRAPPER_EXTENSION</key>
				<string>app</string>
			</dict>
			<key>isa</key>
			<string>XCBuildConfiguration</string>
			<key>name</key>
			<string>Release</string>
		</dict>
		<key>680EDD3017D6DF8B00EEACE8</key>
		<dict>
			<key>fileRef</key>
			<string>68CFF06217B9060900BD9DE1</string>
			<key>isa</key>
			<string>PBXBuildFile</string>
		</dict>
		<key>680EDD3117D6DFB800EEACE8</key>
		<dict>
			<key>fileRef</key>
			<string>68CFF06417B9060C00BD9DE1</string>
			<key>isa</key>
			<string>PBXBuildFile</string>
		</dict>
		<key>680EDD3217D6DFF000EEACE8</key>
		<dict>
			<key>fileRef</key>
			<string>68CFF06617B920FD00BD9DE1</string>
			<key>isa</key>
			<string>PBXBuildFile</string>
		</dict>
		<key>680EDD3317D6DFF200EEACE8</key>
		<dict>
			<key>fileRef</key>
			<string>68CFF06817B920FF00BD9DE1</string>
			<key>isa</key>
			<string>PBXBuildFile</string>
		</dict>
		<key>680EDD3417D6DFF500EEACE8</key>
		<dict>
			<key>fileRef</key>
			<string>68CFF06A17B9210100BD9DE1</string>
			<key>isa</key>
			<string>PBXBuildFile</string>
		</dict>
		<key>680EDD3517D6DFFD00EEACE8</key>
		<dict>
			<key>fileRef</key>
			<string>6851F51B17C4D566002593AB</string>
			<key>isa</key>
			<string>PBXBuildFile</string>
		</dict>
		<key>680EDD3617D6E00000EEACE8</key>
		<dict>
			<key>fileRef</key>
			<string>6851F51D17C4D568002593AB</string>
			<key>isa</key>
			<string>PBXBuildFile</string>
		</dict>
		<key>680EDD3717D6E00500EEACE8</key>
		<dict>
			<key>fileRef</key>
			<string>6851F51717C4D286002593AB</string>
			<key>isa</key>
			<string>PBXBuildFile</string>
		</dict>
		<key>680EDD3817D6E00800EEACE8</key>
		<dict>
			<key>fileRef</key>
			<string>6851F51917C4D28A002593AB</string>
			<key>isa</key>
			<string>PBXBuildFile</string>
		</dict>
		<key>684F4F6C17CD05F200C1E066</key>
		<dict>
			<key>buildActionMask</key>
			<string>2147483647</string>
			<key>files</key>
			<array>
				<string>684F4FAB17CD72BF00C1E066</string>
				<string>684F4FAC17CD72BF00C1E066</string>
				<string>684F4FAD17CD72BF00C1E066</string>
				<string>684F4F7E17CD05F200C1E066</string>
				<string>684F4F8517CD05F200C1E066</string>
				<string>684F4FA417CD077B00C1E066</string>
				<string>684F4FA717CD08A200C1E066</string>
			</array>
			<key>isa</key>
			<string>PBXSourcesBuildPhase</string>
			<key>runOnlyForDeploymentPostprocessing</key>
			<string>0</string>
		</dict>
		<key>684F4F6D17CD05F200C1E066</key>
		<dict>
			<key>buildActionMask</key>
			<string>2147483647</string>
			<key>files</key>
			<array>
				<string>684F4F7217CD05F200C1E066</string>
			</array>
			<key>isa</key>
			<string>PBXFrameworksBuildPhase</string>
			<key>runOnlyForDeploymentPostprocessing</key>
			<string>0</string>
		</dict>
		<key>684F4F6E17CD05F200C1E066</key>
		<dict>
			<key>buildActionMask</key>
			<string>2147483647</string>
			<key>files</key>
			<array>
				<string>684F4F7C17CD05F200C1E066</string>
				<string>684F4F8217CD05F200C1E066</string>
				<string>684F4F8817CD05F200C1E066</string>
			</array>
			<key>isa</key>
			<string>PBXResourcesBuildPhase</string>
			<key>runOnlyForDeploymentPostprocessing</key>
			<string>0</string>
		</dict>
		<key>684F4F6F17CD05F200C1E066</key>
		<dict>
			<key>buildConfigurationList</key>
			<string>684F4FA017CD05F300C1E066</string>
			<key>buildPhases</key>
			<array>
				<string>684F4F6C17CD05F200C1E066</string>
				<string>684F4F6D17CD05F200C1E066</string>
				<string>684F4F6E17CD05F200C1E066</string>
			</array>
			<key>buildRules</key>
			<array/>
			<key>dependencies</key>
			<array/>
			<key>isa</key>
			<string>PBXNativeTarget</string>
			<key>name</key>
			<string>FortyTwo for Mac</string>
			<key>productName</key>
			<string>FortyTwo for Mac</string>
			<key>productReference</key>
			<string>684F4F7017CD05F200C1E066</string>
			<key>productType</key>
			<string>com.apple.product-type.application</string>
		</dict>
		<key>684F4F7017CD05F200C1E066</key>
		<dict>
			<key>explicitFileType</key>
			<string>wrapper.application</string>
			<key>includeInIndex</key>
			<string>0</string>
			<key>isa</key>
			<string>PBXFileReference</string>
			<key>path</key>
			<string>FortyTwo for Mac.app</string>
			<key>sourceTree</key>
			<string>BUILT_PRODUCTS_DIR</string>
		</dict>
		<key>684F4F7117CD05F200C1E066</key>
		<dict>
			<key>isa</key>
			<string>PBXFileReference</string>
			<key>lastKnownFileType</key>
			<string>wrapper.framework</string>
			<key>name</key>
			<string>Cocoa.framework</string>
			<key>path</key>
			<string>Library/Frameworks/Cocoa.framework</string>
			<key>sourceTree</key>
			<string>DEVELOPER_DIR</string>
		</dict>
		<key>684F4F7217CD05F200C1E066</key>
		<dict>
			<key>fileRef</key>
			<string>684F4F7117CD05F200C1E066</string>
			<key>isa</key>
			<string>PBXBuildFile</string>
		</dict>
		<key>684F4F7317CD05F200C1E066</key>
		<dict>
			<key>children</key>
			<array>
				<string>684F4F7417CD05F200C1E066</string>
				<string>684F4F7517CD05F200C1E066</string>
				<string>684F4F7617CD05F200C1E066</string>
			</array>
			<key>isa</key>
			<string>PBXGroup</string>
			<key>name</key>
			<string>Other Frameworks</string>
			<key>sourceTree</key>
			<string>&lt;group&gt;</string>
		</dict>
		<key>684F4F7417CD05F200C1E066</key>
		<dict>
			<key>isa</key>
			<string>PBXFileReference</string>
			<key>lastKnownFileType</key>
			<string>wrapper.framework</string>
			<key>name</key>
			<string>AppKit.framework</string>
			<key>path</key>
			<string>Library/Frameworks/AppKit.framework</string>
			<key>sourceTree</key>
			<string>SDKROOT</string>
		</dict>
		<key>684F4F7517CD05F200C1E066</key>
		<dict>
			<key>isa</key>
			<string>PBXFileReference</string>
			<key>lastKnownFileType</key>
			<string>wrapper.framework</string>
			<key>name</key>
			<string>CoreData.framework</string>
			<key>path</key>
			<string>Library/Frameworks/CoreData.framework</string>
			<key>sourceTree</key>
			<string>SDKROOT</string>
		</dict>
		<key>684F4F7617CD05F200C1E066</key>
		<dict>
			<key>isa</key>
			<string>PBXFileReference</string>
			<key>lastKnownFileType</key>
			<string>wrapper.framework</string>
			<key>name</key>
			<string>Foundation.framework</string>
			<key>path</key>
			<string>Library/Frameworks/Foundation.framework</string>
			<key>sourceTree</key>
			<string>SDKROOT</string>
		</dict>
		<key>684F4F7717CD05F200C1E066</key>
		<dict>
			<key>children</key>
			<array>
				<string>684F4F8317CD05F200C1E066</string>
				<string>684F4F8417CD05F200C1E066</string>
				<string>684F4F8617CD05F200C1E066</string>
				<string>684F4F7817CD05F200C1E066</string>
				<string>6800F02A17CF418800337E27</string>
				<string>6800F02B17CF418F00337E27</string>
			</array>
			<key>isa</key>
			<string>PBXGroup</string>
			<key>path</key>
			<string>FortyTwo for Mac</string>
			<key>sourceTree</key>
			<string>&lt;group&gt;</string>
		</dict>
		<key>684F4F7817CD05F200C1E066</key>
		<dict>
			<key>children</key>
			<array>
				<string>684F4F7917CD05F200C1E066</string>
				<string>684F4F7A17CD05F200C1E066</string>
				<string>684F4F7D17CD05F200C1E066</string>
				<string>684F4F7F17CD05F200C1E066</string>
				<string>684F4F8017CD05F200C1E066</string>
			</array>
			<key>isa</key>
			<string>PBXGroup</string>
			<key>name</key>
			<string>Supporting Files</string>
			<key>sourceTree</key>
			<string>&lt;group&gt;</string>
		</dict>
		<key>684F4F7917CD05F200C1E066</key>
		<dict>
			<key>isa</key>
			<string>PBXFileReference</string>
			<key>lastKnownFileType</key>
			<string>text.plist.xml</string>
			<key>path</key>
			<string>FortyTwo for Mac-Info.plist</string>
			<key>sourceTree</key>
			<string>&lt;group&gt;</string>
		</dict>
		<key>684F4F7A17CD05F200C1E066</key>
		<dict>
			<key>children</key>
			<array>
				<string>684F4F7B17CD05F200C1E066</string>
			</array>
			<key>isa</key>
			<string>PBXVariantGroup</string>
			<key>name</key>
			<string>InfoPlist.strings</string>
			<key>sourceTree</key>
			<string>&lt;group&gt;</string>
		</dict>
		<key>684F4F7B17CD05F200C1E066</key>
		<dict>
			<key>isa</key>
			<string>PBXFileReference</string>
			<key>lastKnownFileType</key>
			<string>text.plist.strings</string>
			<key>name</key>
			<string>en</string>
			<key>path</key>
			<string>en.lproj/InfoPlist.strings</string>
			<key>sourceTree</key>
			<string>&lt;group&gt;</string>
		</dict>
		<key>684F4F7C17CD05F200C1E066</key>
		<dict>
			<key>fileRef</key>
			<string>684F4F7A17CD05F200C1E066</string>
			<key>isa</key>
			<string>PBXBuildFile</string>
		</dict>
		<key>684F4F7D17CD05F200C1E066</key>
		<dict>
			<key>isa</key>
			<string>PBXFileReference</string>
			<key>lastKnownFileType</key>
			<string>sourcecode.c.objc</string>
			<key>path</key>
			<string>main.m</string>
			<key>sourceTree</key>
			<string>&lt;group&gt;</string>
		</dict>
		<key>684F4F7E17CD05F200C1E066</key>
		<dict>
			<key>fileRef</key>
			<string>684F4F7D17CD05F200C1E066</string>
			<key>isa</key>
			<string>PBXBuildFile</string>
		</dict>
		<key>684F4F7F17CD05F200C1E066</key>
		<dict>
			<key>isa</key>
			<string>PBXFileReference</string>
			<key>lastKnownFileType</key>
			<string>sourcecode.c.h</string>
			<key>path</key>
			<string>FortyTwo for Mac-Prefix.pch</string>
			<key>sourceTree</key>
			<string>&lt;group&gt;</string>
		</dict>
		<key>684F4F8017CD05F200C1E066</key>
		<dict>
			<key>children</key>
			<array>
				<string>684F4F8117CD05F200C1E066</string>
			</array>
			<key>isa</key>
			<string>PBXVariantGroup</string>
			<key>name</key>
			<string>Credits.rtf</string>
			<key>sourceTree</key>
			<string>&lt;group&gt;</string>
		</dict>
		<key>684F4F8117CD05F200C1E066</key>
		<dict>
			<key>isa</key>
			<string>PBXFileReference</string>
			<key>lastKnownFileType</key>
			<string>text.rtf</string>
			<key>name</key>
			<string>en</string>
			<key>path</key>
			<string>en.lproj/Credits.rtf</string>
			<key>sourceTree</key>
			<string>&lt;group&gt;</string>
		</dict>
		<key>684F4F8217CD05F200C1E066</key>
		<dict>
			<key>fileRef</key>
			<string>684F4F8017CD05F200C1E066</string>
			<key>isa</key>
			<string>PBXBuildFile</string>
		</dict>
		<key>684F4F8317CD05F200C1E066</key>
		<dict>
			<key>isa</key>
			<string>PBXFileReference</string>
			<key>lastKnownFileType</key>
			<string>sourcecode.c.h</string>
			<key>path</key>
			<string>FTTMAppDelegate.h</string>
			<key>sourceTree</key>
			<string>&lt;group&gt;</string>
		</dict>
		<key>684F4F8417CD05F200C1E066</key>
		<dict>
			<key>isa</key>
			<string>PBXFileReference</string>
			<key>lastKnownFileType</key>
			<string>sourcecode.c.objc</string>
			<key>path</key>
			<string>FTTMAppDelegate.m</string>
			<key>sourceTree</key>
			<string>&lt;group&gt;</string>
		</dict>
		<key>684F4F8517CD05F200C1E066</key>
		<dict>
			<key>fileRef</key>
			<string>684F4F8417CD05F200C1E066</string>
			<key>isa</key>
			<string>PBXBuildFile</string>
		</dict>
		<key>684F4F8617CD05F200C1E066</key>
		<dict>
			<key>children</key>
			<array>
				<string>684F4F8717CD05F200C1E066</string>
			</array>
			<key>isa</key>
			<string>PBXVariantGroup</string>
			<key>name</key>
			<string>MainMenu.xib</string>
			<key>sourceTree</key>
			<string>&lt;group&gt;</string>
		</dict>
		<key>684F4F8717CD05F200C1E066</key>
		<dict>
			<key>isa</key>
			<string>PBXFileReference</string>
			<key>lastKnownFileType</key>
			<string>file.xib</string>
			<key>name</key>
			<string>en</string>
			<key>path</key>
			<string>en.lproj/MainMenu.xib</string>
			<key>sourceTree</key>
			<string>&lt;group&gt;</string>
		</dict>
		<key>684F4F8817CD05F200C1E066</key>
		<dict>
			<key>fileRef</key>
			<string>684F4F8617CD05F200C1E066</string>
			<key>isa</key>
			<string>PBXBuildFile</string>
		</dict>
		<key>684F4F8917CD05F300C1E066</key>
		<dict>
			<key>buildActionMask</key>
			<string>2147483647</string>
			<key>files</key>
			<array>
				<string>684F4F9B17CD05F300C1E066</string>
			</array>
			<key>isa</key>
			<string>PBXSourcesBuildPhase</string>
			<key>runOnlyForDeploymentPostprocessing</key>
			<string>0</string>
		</dict>
		<key>684F4F8A17CD05F300C1E066</key>
		<dict>
			<key>buildActionMask</key>
			<string>2147483647</string>
			<key>files</key>
			<array>
				<string>684F4F8F17CD05F300C1E066</string>
				<string>684F4F9017CD05F300C1E066</string>
			</array>
			<key>isa</key>
			<string>PBXFrameworksBuildPhase</string>
			<key>runOnlyForDeploymentPostprocessing</key>
			<string>0</string>
		</dict>
		<key>684F4F8B17CD05F300C1E066</key>
		<dict>
			<key>buildActionMask</key>
			<string>2147483647</string>
			<key>files</key>
			<array>
				<string>684F4F9817CD05F300C1E066</string>
			</array>
			<key>isa</key>
			<string>PBXResourcesBuildPhase</string>
			<key>runOnlyForDeploymentPostprocessing</key>
			<string>0</string>
		</dict>
		<key>684F4F8C17CD05F300C1E066</key>
		<dict>
			<key>buildActionMask</key>
			<string>2147483647</string>
			<key>files</key>
			<array/>
			<key>inputPaths</key>
			<array/>
			<key>isa</key>
			<string>PBXShellScriptBuildPhase</string>
			<key>outputPaths</key>
			<array/>
			<key>runOnlyForDeploymentPostprocessing</key>
			<string>0</string>
			<key>shellPath</key>
			<string>/bin/sh</string>
			<key>shellScript</key>
			<string># Run the unit tests in this test bundle.
"${SYSTEM_DEVELOPER_DIR}/Tools/RunUnitTests"
</string>
		</dict>
		<key>684F4F8D17CD05F300C1E066</key>
		<dict>
			<key>buildConfigurationList</key>
			<string>684F4FA117CD05F300C1E066</string>
			<key>buildPhases</key>
			<array>
				<string>684F4F8917CD05F300C1E066</string>
				<string>684F4F8A17CD05F300C1E066</string>
				<string>684F4F8B17CD05F300C1E066</string>
				<string>684F4F8C17CD05F300C1E066</string>
			</array>
			<key>buildRules</key>
			<array/>
			<key>dependencies</key>
			<array>
				<string>684F4F9217CD05F300C1E066</string>
			</array>
			<key>isa</key>
			<string>PBXNativeTarget</string>
			<key>name</key>
			<string>FortyTwo for MacTests</string>
			<key>productName</key>
			<string>FortyTwo for MacTests</string>
			<key>productReference</key>
			<string>684F4F8E17CD05F300C1E066</string>
			<key>productType</key>
			<string>com.apple.product-type.bundle</string>
		</dict>
		<key>684F4F8E17CD05F300C1E066</key>
		<dict>
			<key>explicitFileType</key>
			<string>wrapper.cfbundle</string>
			<key>includeInIndex</key>
			<string>0</string>
			<key>isa</key>
			<string>PBXFileReference</string>
			<key>path</key>
			<string>FortyTwo for MacTests.octest</string>
			<key>sourceTree</key>
			<string>BUILT_PRODUCTS_DIR</string>
		</dict>
		<key>684F4F8F17CD05F300C1E066</key>
		<dict>
			<key>fileRef</key>
			<string>68E12D5617B604B400CCCA01</string>
			<key>isa</key>
			<string>PBXBuildFile</string>
		</dict>
		<key>684F4F9017CD05F300C1E066</key>
		<dict>
			<key>fileRef</key>
			<string>684F4F7117CD05F200C1E066</string>
			<key>isa</key>
			<string>PBXBuildFile</string>
		</dict>
		<key>684F4F9117CD05F300C1E066</key>
		<dict>
			<key>containerPortal</key>
			<string>68E12D2D17B604B400CCCA01</string>
			<key>isa</key>
			<string>PBXContainerItemProxy</string>
			<key>proxyType</key>
			<string>1</string>
			<key>remoteGlobalIDString</key>
			<string>684F4F6F17CD05F200C1E066</string>
			<key>remoteInfo</key>
			<string>FortyTwo for Mac</string>
		</dict>
		<key>684F4F9217CD05F300C1E066</key>
		<dict>
			<key>isa</key>
			<string>PBXTargetDependency</string>
			<key>target</key>
			<string>684F4F6F17CD05F200C1E066</string>
			<key>targetProxy</key>
			<string>684F4F9117CD05F300C1E066</string>
		</dict>
		<key>684F4F9317CD05F300C1E066</key>
		<dict>
			<key>children</key>
			<array>
				<string>684F4F9917CD05F300C1E066</string>
				<string>684F4F9A17CD05F300C1E066</string>
				<string>684F4F9417CD05F300C1E066</string>
			</array>
			<key>isa</key>
			<string>PBXGroup</string>
			<key>path</key>
			<string>FortyTwo for MacTests</string>
			<key>sourceTree</key>
			<string>&lt;group&gt;</string>
		</dict>
		<key>684F4F9417CD05F300C1E066</key>
		<dict>
			<key>children</key>
			<array>
				<string>684F4F9517CD05F300C1E066</string>
				<string>684F4F9617CD05F300C1E066</string>
			</array>
			<key>isa</key>
			<string>PBXGroup</string>
			<key>name</key>
			<string>Supporting Files</string>
			<key>sourceTree</key>
			<string>&lt;group&gt;</string>
		</dict>
		<key>684F4F9517CD05F300C1E066</key>
		<dict>
			<key>isa</key>
			<string>PBXFileReference</string>
			<key>lastKnownFileType</key>
			<string>text.plist.xml</string>
			<key>path</key>
			<string>FortyTwo for MacTests-Info.plist</string>
			<key>sourceTree</key>
			<string>&lt;group&gt;</string>
		</dict>
		<key>684F4F9617CD05F300C1E066</key>
		<dict>
			<key>children</key>
			<array>
				<string>684F4F9717CD05F300C1E066</string>
			</array>
			<key>isa</key>
			<string>PBXVariantGroup</string>
			<key>name</key>
			<string>InfoPlist.strings</string>
			<key>sourceTree</key>
			<string>&lt;group&gt;</string>
		</dict>
		<key>684F4F9717CD05F300C1E066</key>
		<dict>
			<key>isa</key>
			<string>PBXFileReference</string>
			<key>lastKnownFileType</key>
			<string>text.plist.strings</string>
			<key>name</key>
			<string>en</string>
			<key>path</key>
			<string>en.lproj/InfoPlist.strings</string>
			<key>sourceTree</key>
			<string>&lt;group&gt;</string>
		</dict>
		<key>684F4F9817CD05F300C1E066</key>
		<dict>
			<key>fileRef</key>
			<string>684F4F9617CD05F300C1E066</string>
			<key>isa</key>
			<string>PBXBuildFile</string>
		</dict>
		<key>684F4F9917CD05F300C1E066</key>
		<dict>
			<key>isa</key>
			<string>PBXFileReference</string>
			<key>lastKnownFileType</key>
			<string>sourcecode.c.h</string>
			<key>path</key>
			<string>FortyTwo_for_MacTests.h</string>
			<key>sourceTree</key>
			<string>&lt;group&gt;</string>
		</dict>
		<key>684F4F9A17CD05F300C1E066</key>
		<dict>
			<key>isa</key>
			<string>PBXFileReference</string>
			<key>lastKnownFileType</key>
			<string>sourcecode.c.objc</string>
			<key>path</key>
			<string>FortyTwo_for_MacTests.m</string>
			<key>sourceTree</key>
			<string>&lt;group&gt;</string>
		</dict>
		<key>684F4F9B17CD05F300C1E066</key>
		<dict>
			<key>fileRef</key>
			<string>684F4F9A17CD05F300C1E066</string>
			<key>isa</key>
			<string>PBXBuildFile</string>
		</dict>
		<key>684F4F9C17CD05F300C1E066</key>
		<dict>
			<key>buildSettings</key>
			<dict>
				<key>ARCHS</key>
				<string>$(ARCHS_STANDARD_64_BIT)</string>
				<key>COMBINE_HIDPI_IMAGES</key>
				<string>YES</string>
				<key>FRAMEWORK_SEARCH_PATHS</key>
				<array>
					<string>$(inherited)</string>
					<string>"$(SYSTEM_APPS_DIR)/Xcode.app/Contents/Developer/Library/Frameworks"</string>
				</array>
				<key>GCC_ENABLE_OBJC_EXCEPTIONS</key>
				<string>YES</string>
				<key>GCC_PRECOMPILE_PREFIX_HEADER</key>
				<string>YES</string>
				<key>GCC_PREFIX_HEADER</key>
				<string>FortyTwo for Mac/FortyTwo for Mac-Prefix.pch</string>
				<key>GCC_WARN_64_TO_32_BIT_CONVERSION</key>
				<string>YES</string>
				<key>INFOPLIST_FILE</key>
				<string>FortyTwo for Mac/FortyTwo for Mac-Info.plist</string>
				<key>MACOSX_DEPLOYMENT_TARGET</key>
				<string>10.8</string>
				<key>PRODUCT_NAME</key>
				<string>$(TARGET_NAME)</string>
				<key>SDKROOT</key>
				<string>macosx</string>
				<key>WRAPPER_EXTENSION</key>
				<string>app</string>
			</dict>
			<key>isa</key>
			<string>XCBuildConfiguration</string>
			<key>name</key>
			<string>Debug</string>
		</dict>
		<key>684F4F9D17CD05F300C1E066</key>
		<dict>
			<key>buildSettings</key>
			<dict>
				<key>ARCHS</key>
				<string>$(ARCHS_STANDARD_64_BIT)</string>
				<key>COMBINE_HIDPI_IMAGES</key>
				<string>YES</string>
				<key>DEBUG_INFORMATION_FORMAT</key>
				<string>dwarf-with-dsym</string>
				<key>FRAMEWORK_SEARCH_PATHS</key>
				<array>
					<string>$(inherited)</string>
					<string>"$(SYSTEM_APPS_DIR)/Xcode.app/Contents/Developer/Library/Frameworks"</string>
				</array>
				<key>GCC_ENABLE_OBJC_EXCEPTIONS</key>
				<string>YES</string>
				<key>GCC_PRECOMPILE_PREFIX_HEADER</key>
				<string>YES</string>
				<key>GCC_PREFIX_HEADER</key>
				<string>FortyTwo for Mac/FortyTwo for Mac-Prefix.pch</string>
				<key>GCC_WARN_64_TO_32_BIT_CONVERSION</key>
				<string>YES</string>
				<key>INFOPLIST_FILE</key>
				<string>FortyTwo for Mac/FortyTwo for Mac-Info.plist</string>
				<key>MACOSX_DEPLOYMENT_TARGET</key>
				<string>10.8</string>
				<key>PRODUCT_NAME</key>
				<string>$(TARGET_NAME)</string>
				<key>SDKROOT</key>
				<string>macosx</string>
				<key>WRAPPER_EXTENSION</key>
				<string>app</string>
			</dict>
			<key>isa</key>
			<string>XCBuildConfiguration</string>
			<key>name</key>
			<string>Release</string>
		</dict>
		<key>684F4F9E17CD05F300C1E066</key>
		<dict>
			<key>buildSettings</key>
			<dict>
				<key>ARCHS</key>
				<string>$(ARCHS_STANDARD_64_BIT)</string>
				<key>BUNDLE_LOADER</key>
				<string>$(BUILT_PRODUCTS_DIR)/FortyTwo for Mac.app/Contents/MacOS/FortyTwo for Mac</string>
				<key>COMBINE_HIDPI_IMAGES</key>
				<string>YES</string>
				<key>FRAMEWORK_SEARCH_PATHS</key>
				<string>"$(DEVELOPER_LIBRARY_DIR)/Frameworks"</string>
				<key>GCC_ENABLE_OBJC_EXCEPTIONS</key>
				<string>YES</string>
				<key>GCC_PRECOMPILE_PREFIX_HEADER</key>
				<string>YES</string>
				<key>GCC_PREFIX_HEADER</key>
				<string>FortyTwo for Mac/FortyTwo for Mac-Prefix.pch</string>
				<key>GCC_WARN_64_TO_32_BIT_CONVERSION</key>
				<string>YES</string>
				<key>INFOPLIST_FILE</key>
				<string>FortyTwo for MacTests/FortyTwo for MacTests-Info.plist</string>
				<key>MACOSX_DEPLOYMENT_TARGET</key>
				<string>10.8</string>
				<key>PRODUCT_NAME</key>
				<string>$(TARGET_NAME)</string>
				<key>SDKROOT</key>
				<string>macosx</string>
				<key>TEST_HOST</key>
				<string>$(BUNDLE_LOADER)</string>
				<key>WRAPPER_EXTENSION</key>
				<string>octest</string>
			</dict>
			<key>isa</key>
			<string>XCBuildConfiguration</string>
			<key>name</key>
			<string>Debug</string>
		</dict>
		<key>684F4F9F17CD05F300C1E066</key>
		<dict>
			<key>buildSettings</key>
			<dict>
				<key>ARCHS</key>
				<string>$(ARCHS_STANDARD_64_BIT)</string>
				<key>BUNDLE_LOADER</key>
				<string>$(BUILT_PRODUCTS_DIR)/FortyTwo for Mac.app/Contents/MacOS/FortyTwo for Mac</string>
				<key>COMBINE_HIDPI_IMAGES</key>
				<string>YES</string>
				<key>DEBUG_INFORMATION_FORMAT</key>
				<string>dwarf-with-dsym</string>
				<key>FRAMEWORK_SEARCH_PATHS</key>
				<string>"$(DEVELOPER_LIBRARY_DIR)/Frameworks"</string>
				<key>GCC_ENABLE_OBJC_EXCEPTIONS</key>
				<string>YES</string>
				<key>GCC_PRECOMPILE_PREFIX_HEADER</key>
				<string>YES</string>
				<key>GCC_PREFIX_HEADER</key>
				<string>FortyTwo for Mac/FortyTwo for Mac-Prefix.pch</string>
				<key>GCC_WARN_64_TO_32_BIT_CONVERSION</key>
				<string>YES</string>
				<key>INFOPLIST_FILE</key>
				<string>FortyTwo for MacTests/FortyTwo for MacTests-Info.plist</string>
				<key>MACOSX_DEPLOYMENT_TARGET</key>
				<string>10.8</string>
				<key>PRODUCT_NAME</key>
				<string>$(TARGET_NAME)</string>
				<key>SDKROOT</key>
				<string>macosx</string>
				<key>TEST_HOST</key>
				<string>$(BUNDLE_LOADER)</string>
				<key>WRAPPER_EXTENSION</key>
				<string>octest</string>
			</dict>
			<key>isa</key>
			<string>XCBuildConfiguration</string>
			<key>name</key>
			<string>Release</string>
		</dict>
		<key>684F4FA017CD05F300C1E066</key>
		<dict>
			<key>buildConfigurations</key>
			<array>
				<string>684F4F9C17CD05F300C1E066</string>
				<string>684F4F9D17CD05F300C1E066</string>
			</array>
			<key>defaultConfigurationIsVisible</key>
			<string>0</string>
			<key>defaultConfigurationName</key>
			<string>Release</string>
			<key>isa</key>
			<string>XCConfigurationList</string>
		</dict>
		<key>684F4FA117CD05F300C1E066</key>
		<dict>
			<key>buildConfigurations</key>
			<array>
				<string>684F4F9E17CD05F300C1E066</string>
				<string>684F4F9F17CD05F300C1E066</string>
			</array>
			<key>defaultConfigurationIsVisible</key>
			<string>0</string>
			<key>defaultConfigurationName</key>
			<string>Release</string>
			<key>isa</key>
			<string>XCConfigurationList</string>
		</dict>
		<key>684F4FA217CD077B00C1E066</key>
		<dict>
			<key>fileEncoding</key>
			<string>4</string>
			<key>isa</key>
			<string>PBXFileReference</string>
			<key>lastKnownFileType</key>
			<string>sourcecode.c.h</string>
			<key>path</key>
			<string>FTTMGameViewController.h</string>
			<key>sourceTree</key>
			<string>&lt;group&gt;</string>
		</dict>
		<key>684F4FA317CD077B00C1E066</key>
		<dict>
			<key>fileEncoding</key>
			<string>4</string>
			<key>isa</key>
			<string>PBXFileReference</string>
			<key>lastKnownFileType</key>
			<string>sourcecode.c.objc</string>
			<key>path</key>
			<string>FTTMGameViewController.m</string>
			<key>sourceTree</key>
			<string>&lt;group&gt;</string>
		</dict>
		<key>684F4FA417CD077B00C1E066</key>
		<dict>
			<key>fileRef</key>
			<string>684F4FA317CD077B00C1E066</string>
			<key>isa</key>
			<string>PBXBuildFile</string>
		</dict>
		<key>684F4FA517CD08A200C1E066</key>
		<dict>
			<key>fileEncoding</key>
			<string>4</string>
			<key>isa</key>
			<string>PBXFileReference</string>
			<key>lastKnownFileType</key>
			<string>sourcecode.c.h</string>
			<key>path</key>
			<string>FTTMUniverseView.h</string>
			<key>sourceTree</key>
			<string>&lt;group&gt;</string>
		</dict>
		<key>684F4FA617CD08A200C1E066</key>
		<dict>
			<key>fileEncoding</key>
			<string>4</string>
			<key>isa</key>
			<string>PBXFileReference</string>
			<key>lastKnownFileType</key>
			<string>sourcecode.c.objc</string>
			<key>path</key>
			<string>FTTMUniverseView.m</string>
			<key>sourceTree</key>
			<string>&lt;group&gt;</string>
		</dict>
		<key>684F4FA717CD08A200C1E066</key>
		<dict>
			<key>fileRef</key>
			<string>684F4FA617CD08A200C1E066</string>
			<key>isa</key>
			<string>PBXBuildFile</string>
		</dict>
		<key>684F4FAA17CD6B7F00C1E066</key>
		<dict>
			<key>fileEncoding</key>
			<string>4</string>
			<key>isa</key>
			<string>PBXFileReference</string>
			<key>lastKnownFileType</key>
			<string>sourcecode.c.h</string>
			<key>path</key>
			<string>FTTDefines.h</string>
			<key>sourceTree</key>
			<string>&lt;group&gt;</string>
		</dict>
		<key>684F4FAB17CD72BF00C1E066</key>
		<dict>
			<key>fileRef</key>
			<string>68CFF05D17B7948600BD9DE1</string>
			<key>isa</key>
			<string>PBXBuildFile</string>
		</dict>
		<key>684F4FAC17CD72BF00C1E066</key>
		<dict>
			<key>fileRef</key>
			<string>68CFF05817B7944300BD9DE1</string>
			<key>isa</key>
			<string>PBXBuildFile</string>
		</dict>
		<key>684F4FAD17CD72BF00C1E066</key>
		<dict>
			<key>fileRef</key>
			<string>68CFF05217B7937600BD9DE1</string>
			<key>isa</key>
			<string>PBXBuildFile</string>
		</dict>
		<key>6851F51717C4D286002593AB</key>
		<dict>
			<key>isa</key>
			<string>PBXFileReference</string>
			<key>lastKnownFileType</key>
			<string>image.png</string>
			<key>name</key>
			<string>Default-Portrait~ipad.png</string>
			<key>path</key>
			<string>../Default-Portrait~ipad.png</string>
			<key>sourceTree</key>
			<string>&lt;group&gt;</string>
		</dict>
		<key>6851F51817C4D286002593AB</key>
		<dict>
			<key>fileRef</key>
			<string>6851F51717C4D286002593AB</string>
			<key>isa</key>
			<string>PBXBuildFile</string>
		</dict>
		<key>6851F51917C4D28A002593AB</key>
		<dict>
			<key>isa</key>
			<string>PBXFileReference</string>
			<key>lastKnownFileType</key>
			<string>image.png</string>
			<key>name</key>
			<string>Default-Portrait@2x~ipad.png</string>
			<key>path</key>
			<string>../Default-Portrait@2x~ipad.png</string>
			<key>sourceTree</key>
			<string>&lt;group&gt;</string>
		</dict>
		<key>6851F51A17C4D28A002593AB</key>
		<dict>
			<key>fileRef</key>
			<string>6851F51917C4D28A002593AB</string>
			<key>isa</key>
			<string>PBXBuildFile</string>
		</dict>
		<key>6851F51B17C4D566002593AB</key>
		<dict>
			<key>isa</key>
			<string>PBXFileReference</string>
			<key>lastKnownFileType</key>
			<string>image.png</string>
			<key>name</key>
			<string>Icon-72.png</string>
			<key>path</key>
			<string>../Icon-72.png</string>
			<key>sourceTree</key>
			<string>&lt;group&gt;</string>
		</dict>
		<key>6851F51C17C4D566002593AB</key>
		<dict>
			<key>fileRef</key>
			<string>6851F51B17C4D566002593AB</string>
			<key>isa</key>
			<string>PBXBuildFile</string>
		</dict>
		<key>6851F51D17C4D568002593AB</key>
		<dict>
			<key>isa</key>
			<string>PBXFileReference</string>
			<key>lastKnownFileType</key>
			<string>image.png</string>
			<key>name</key>
			<string>Icon-72@2x.png</string>
			<key>path</key>
			<string>../Icon-72@2x.png</string>
			<key>sourceTree</key>
			<string>&lt;group&gt;</string>
		</dict>
		<key>6851F51E17C4D568002593AB</key>
		<dict>
			<key>fileRef</key>
			<string>6851F51D17C4D568002593AB</string>
			<key>isa</key>
			<string>PBXBuildFile</string>
		</dict>
		<key>686F239C8FA24AB58D141E5F</key>
		<dict>
			<key>buildActionMask</key>
			<string>2147483647</string>
			<key>files</key>
			<array/>
			<key>inputPaths</key>
			<array/>
			<key>isa</key>
			<string>PBXShellScriptBuildPhase</string>
			<key>name</key>
			<string>Check Pods Manifest.lock</string>
			<key>outputPaths</key>
			<array/>
			<key>runOnlyForDeploymentPostprocessing</key>
			<string>0</string>
			<key>shellPath</key>
			<string>/bin/sh</string>
			<key>shellScript</key>
			<string>diff "${PODS_ROOT}/../Podfile.lock" "${PODS_ROOT}/Manifest.lock" &gt; /dev/null
if [[ $? != 0 ]] ; then
    cat &lt;&lt; EOM
error: The sandbox is not in sync with the Podfile.lock. Run 'pod install' or update your CocoaPods installation.
EOM
    exit 1
fi
</string>
			<key>showEnvVarsInLog</key>
			<string>0</string>
		</dict>
		<key>688F780317D5E65300A5D41C</key>
		<dict>
			<key>isa</key>
			<string>PBXFileReference</string>
			<key>lastKnownFileType</key>
			<string>wrapper.framework</string>
			<key>name</key>
			<string>AudioToolbox.framework</string>
			<key>path</key>
			<string>System/Library/Frameworks/AudioToolbox.framework</string>
			<key>sourceTree</key>
			<string>SDKROOT</string>
		</dict>
		<key>688F780417D5E65300A5D41C</key>
		<dict>
			<key>fileRef</key>
			<string>688F780317D5E65300A5D41C</string>
			<key>isa</key>
			<string>PBXBuildFile</string>
		</dict>
		<key>68CFF04F17B73A5D00BD9DE1</key>
		<dict>
			<key>isa</key>
			<string>PBXFileReference</string>
			<key>lastKnownFileType</key>
			<string>wrapper.framework</string>
			<key>name</key>
			<string>GameKit.framework</string>
			<key>path</key>
			<string>System/Library/Frameworks/GameKit.framework</string>
			<key>sourceTree</key>
			<string>SDKROOT</string>
		</dict>
		<key>68CFF05017B73A5D00BD9DE1</key>
		<dict>
			<key>fileRef</key>
			<string>68CFF04F17B73A5D00BD9DE1</string>
			<key>isa</key>
			<string>PBXBuildFile</string>
		</dict>
		<key>68CFF05117B7937600BD9DE1</key>
		<dict>
			<key>fileEncoding</key>
			<string>4</string>
			<key>isa</key>
			<string>PBXFileReference</string>
			<key>lastKnownFileType</key>
			<string>sourcecode.c.h</string>
			<key>path</key>
			<string>FTTEnemyObject.h</string>
			<key>sourceTree</key>
			<string>&lt;group&gt;</string>
		</dict>
		<key>68CFF05217B7937600BD9DE1</key>
		<dict>
			<key>fileEncoding</key>
			<string>4</string>
			<key>isa</key>
			<string>PBXFileReference</string>
			<key>lastKnownFileType</key>
			<string>sourcecode.c.objc</string>
			<key>path</key>
			<string>FTTEnemyObject.m</string>
			<key>sourceTree</key>
			<string>&lt;group&gt;</string>
		</dict>
		<key>68CFF05317B7937600BD9DE1</key>
		<dict>
			<key>fileRef</key>
			<string>68CFF05217B7937600BD9DE1</string>
			<key>isa</key>
			<string>PBXBuildFile</string>
		</dict>
		<key>68CFF05417B793EB00BD9DE1</key>
		<dict>
			<key>fileEncoding</key>
			<string>4</string>
			<key>isa</key>
			<string>PBXFileReference</string>
			<key>lastKnownFileType</key>
			<string>sourcecode.c.h</string>
			<key>path</key>
			<string>FTTUniverseView.h</string>
			<key>sourceTree</key>
			<string>&lt;group&gt;</string>
		</dict>
		<key>68CFF05517B793EB00BD9DE1</key>
		<dict>
			<key>fileEncoding</key>
			<string>4</string>
			<key>isa</key>
			<string>PBXFileReference</string>
			<key>lastKnownFileType</key>
			<string>sourcecode.c.objc</string>
			<key>path</key>
			<string>FTTUniverseView.m</string>
			<key>sourceTree</key>
			<string>&lt;group&gt;</string>
		</dict>
		<key>68CFF05617B793EB00BD9DE1</key>
		<dict>
			<key>fileRef</key>
			<string>68CFF05517B793EB00BD9DE1</string>
			<key>isa</key>
			<string>PBXBuildFile</string>
		</dict>
		<key>68CFF05717B7944300BD9DE1</key>
		<dict>
			<key>fileEncoding</key>
			<string>4</string>
			<key>isa</key>
			<string>PBXFileReference</string>
			<key>lastKnownFileType</key>
			<string>sourcecode.c.h</string>
			<key>path</key>
			<string>FTTUserObject.h</string>
			<key>sourceTree</key>
			<string>&lt;group&gt;</string>
		</dict>
		<key>68CFF05817B7944300BD9DE1</key>
		<dict>
			<key>fileEncoding</key>
			<string>4</string>
			<key>isa</key>
			<string>PBXFileReference</string>
			<key>lastKnownFileType</key>
			<string>sourcecode.c.objc</string>
			<key>path</key>
			<string>FTTUserObject.m</string>
			<key>sourceTree</key>
			<string>&lt;group&gt;</string>
		</dict>
		<key>68CFF05917B7944300BD9DE1</key>
		<dict>
			<key>fileRef</key>
			<string>68CFF05817B7944300BD9DE1</string>
			<key>isa</key>
			<string>PBXBuildFile</string>
		</dict>
		<key>68CFF05A17B7946900BD9DE1</key>
		<dict>
			<key>children</key>
			<array>
				<string>68CFF05C17B7948600BD9DE1</string>
				<string>68CFF05D17B7948600BD9DE1</string>
				<string>68CFF05717B7944300BD9DE1</string>
				<string>68CFF05817B7944300BD9DE1</string>
				<string>68CFF05117B7937600BD9DE1</string>
				<string>68CFF05217B7937600BD9DE1</string>
			</array>
			<key>isa</key>
			<string>PBXGroup</string>
			<key>name</key>
			<string>Models</string>
			<key>sourceTree</key>
			<string>&lt;group&gt;</string>
		</dict>
		<key>68CFF05B17B7947200BD9DE1</key>
		<dict>
			<key>children</key>
			<array>
				<string>68E12D6D17B6167C00CCCA01</string>
				<string>68E12D6E17B6167C00CCCA01</string>
			</array>
			<key>isa</key>
			<string>PBXGroup</string>
			<key>name</key>
			<string>Controllers</string>
			<key>sourceTree</key>
			<string>&lt;group&gt;</string>
		</dict>
		<key>68CFF05C17B7948600BD9DE1</key>
		<dict>
			<key>fileEncoding</key>
			<string>4</string>
			<key>isa</key>
			<string>PBXFileReference</string>
			<key>lastKnownFileType</key>
			<string>sourcecode.c.h</string>
			<key>path</key>
			<string>FTTObject.h</string>
			<key>sourceTree</key>
			<string>&lt;group&gt;</string>
		</dict>
		<key>68CFF05D17B7948600BD9DE1</key>
		<dict>
			<key>fileEncoding</key>
			<string>4</string>
			<key>isa</key>
			<string>PBXFileReference</string>
			<key>lastKnownFileType</key>
			<string>sourcecode.c.objc</string>
			<key>path</key>
			<string>FTTObject.m</string>
			<key>sourceTree</key>
			<string>&lt;group&gt;</string>
		</dict>
		<key>68CFF05E17B7948600BD9DE1</key>
		<dict>
			<key>fileRef</key>
			<string>68CFF05D17B7948600BD9DE1</string>
			<key>isa</key>
			<string>PBXBuildFile</string>
		</dict>
		<key>68CFF06017B8E57F00BD9DE1</key>
		<dict>
			<key>isa</key>
			<string>PBXFileReference</string>
			<key>lastKnownFileType</key>
			<string>wrapper.framework</string>
			<key>name</key>
			<string>AVFoundation.framework</string>
			<key>path</key>
			<string>System/Library/Frameworks/AVFoundation.framework</string>
			<key>sourceTree</key>
			<string>SDKROOT</string>
		</dict>
		<key>68CFF06117B8E57F00BD9DE1</key>
		<dict>
			<key>fileRef</key>
			<string>68CFF06017B8E57F00BD9DE1</string>
			<key>isa</key>
			<string>PBXBuildFile</string>
		</dict>
		<key>68CFF06217B9060900BD9DE1</key>
		<dict>
			<key>isa</key>
			<string>PBXFileReference</string>
			<key>lastKnownFileType</key>
			<string>image.png</string>
			<key>name</key>
			<string>Icon.png</string>
			<key>path</key>
			<string>../Icon.png</string>
			<key>sourceTree</key>
			<string>&lt;group&gt;</string>
		</dict>
		<key>68CFF06317B9060900BD9DE1</key>
		<dict>
			<key>fileRef</key>
			<string>68CFF06217B9060900BD9DE1</string>
			<key>isa</key>
			<string>PBXBuildFile</string>
		</dict>
		<key>68CFF06417B9060C00BD9DE1</key>
		<dict>
			<key>isa</key>
			<string>PBXFileReference</string>
			<key>lastKnownFileType</key>
			<string>image.png</string>
			<key>name</key>
			<string>Icon@2x.png</string>
			<key>path</key>
			<string>../Icon@2x.png</string>
			<key>sourceTree</key>
			<string>&lt;group&gt;</string>
		</dict>
		<key>68CFF06517B9060C00BD9DE1</key>
		<dict>
			<key>fileRef</key>
			<string>68CFF06417B9060C00BD9DE1</string>
			<key>isa</key>
			<string>PBXBuildFile</string>
		</dict>
		<key>68CFF06617B920FD00BD9DE1</key>
		<dict>
			<key>isa</key>
			<string>PBXFileReference</string>
			<key>lastKnownFileType</key>
			<string>image.png</string>
			<key>name</key>
			<string>Default.png</string>
			<key>path</key>
			<string>../Default.png</string>
			<key>sourceTree</key>
			<string>&lt;group&gt;</string>
		</dict>
		<key>68CFF06717B920FD00BD9DE1</key>
		<dict>
			<key>fileRef</key>
			<string>68CFF06617B920FD00BD9DE1</string>
			<key>isa</key>
			<string>PBXBuildFile</string>
		</dict>
		<key>68CFF06817B920FF00BD9DE1</key>
		<dict>
			<key>isa</key>
			<string>PBXFileReference</string>
			<key>lastKnownFileType</key>
			<string>image.png</string>
			<key>name</key>
			<string>Default@2x.png</string>
			<key>path</key>
			<string>../Default@2x.png</string>
			<key>sourceTree</key>
			<string>&lt;group&gt;</string>
		</dict>
		<key>68CFF06917B920FF00BD9DE1</key>
		<dict>
			<key>fileRef</key>
			<string>68CFF06817B920FF00BD9DE1</string>
			<key>isa</key>
			<string>PBXBuildFile</string>
		</dict>
		<key>68CFF06A17B9210100BD9DE1</key>
		<dict>
			<key>isa</key>
			<string>PBXFileReference</string>
			<key>lastKnownFileType</key>
			<string>image.png</string>
			<key>name</key>
			<string>Default-568h@2x.png</string>
			<key>path</key>
			<string>../Default-568h@2x.png</string>
			<key>sourceTree</key>
			<string>&lt;group&gt;</string>
		</dict>
		<key>68CFF06B17B9210100BD9DE1</key>
		<dict>
			<key>fileRef</key>
			<string>68CFF06A17B9210100BD9DE1</string>
			<key>isa</key>
			<string>PBXBuildFile</string>
		</dict>
		<key>68CFF06C17B9247400BD9DE1</key>
		<dict>
			<key>children</key>
			<array>
				<string>68CFF05417B793EB00BD9DE1</string>
				<string>68CFF05517B793EB00BD9DE1</string>
			</array>
			<key>isa</key>
			<string>PBXGroup</string>
			<key>name</key>
			<string>Views</string>
			<key>sourceTree</key>
			<string>&lt;group&gt;</string>
		</dict>
		<key>68E12D2C17B604B400CCCA01</key>
		<dict>
			<key>children</key>
			<array>
				<string>6800F02917CF277700337E27</string>
				<string>68E12D3E17B604B400CCCA01</string>
				<string>68E12D5C17B604B400CCCA01</string>
				<string>684F4F7717CD05F200C1E066</string>
				<string>684F4F9317CD05F300C1E066</string>
				<string>680EDD0417D6DF0E00EEACE8</string>
				<string>68E12D3717B604B400CCCA01</string>
				<string>68E12D3617B604B400CCCA01</string>
				<string>B7A1CE0C22884CB4A8A417B4</string>
			</array>
			<key>isa</key>
			<string>PBXGroup</string>
			<key>sourceTree</key>
			<string>&lt;group&gt;</string>
		</dict>
		<key>68E12D2D17B604B400CCCA01</key>
		<dict>
			<key>attributes</key>
			<dict>
				<key>CLASSPREFIX</key>
				<string>FTT</string>
				<key>LastUpgradeCheck</key>
				<string>0460</string>
				<key>ORGANIZATIONNAME</key>
				<string>Forrest Ye</string>
			</dict>
			<key>buildConfigurationList</key>
			<string>68E12D3017B604B400CCCA01</string>
			<key>compatibilityVersion</key>
			<string>Xcode 3.2</string>
			<key>developmentRegion</key>
			<string>English</string>
			<key>hasScannedForEncodings</key>
			<string>0</string>
			<key>isa</key>
			<string>PBXProject</string>
			<key>knownRegions</key>
			<array>
				<string>en</string>
			</array>
			<key>mainGroup</key>
			<string>68E12D2C17B604B400CCCA01</string>
			<key>productRefGroup</key>
			<string>68E12D3617B604B400CCCA01</string>
			<key>projectDirPath</key>
			<string></string>
			<key>projectReferences</key>
			<array/>
			<key>projectRoot</key>
			<string></string>
			<key>targets</key>
			<array>
				<string>68E12D3417B604B400CCCA01</string>
				<string>68E12D5417B604B400CCCA01</string>
				<string>684F4F6F17CD05F200C1E066</string>
				<string>684F4F8D17CD05F300C1E066</string>
				<string>680EDCFF17D6DF0E00EEACE8</string>
			</array>
		</dict>
		<key>68E12D3017B604B400CCCA01</key>
		<dict>
			<key>buildConfigurations</key>
			<array>
				<string>68E12D6517B604B400CCCA01</string>
				<string>68E12D6617B604B400CCCA01</string>
			</array>
			<key>defaultConfigurationIsVisible</key>
			<string>0</string>
			<key>defaultConfigurationName</key>
			<string>Release</string>
			<key>isa</key>
			<string>XCConfigurationList</string>
		</dict>
		<key>68E12D3117B604B400CCCA01</key>
		<dict>
			<key>buildActionMask</key>
			<string>2147483647</string>
			<key>files</key>
			<array>
				<string>68E12D4517B604B400CCCA01</string>
				<string>68E12D4917B604B400CCCA01</string>
				<string>68E12D6F17B6167C00CCCA01</string>
				<string>68CFF05317B7937600BD9DE1</string>
				<string>68CFF05617B793EB00BD9DE1</string>
				<string>68CFF05917B7944300BD9DE1</string>
				<string>68CFF05E17B7948600BD9DE1</string>
				<string>680EDCF817D6CC2600EEACE8</string>
				<string>680EDCFB17D6D12F00EEACE8</string>
			</array>
			<key>isa</key>
			<string>PBXSourcesBuildPhase</string>
			<key>runOnlyForDeploymentPostprocessing</key>
			<string>0</string>
		</dict>
		<key>68E12D3217B604B400CCCA01</key>
		<dict>
			<key>buildActionMask</key>
			<string>2147483647</string>
			<key>files</key>
			<array>
				<string>688F780417D5E65300A5D41C</string>
				<string>68CFF06117B8E57F00BD9DE1</string>
				<string>68CFF05017B73A5D00BD9DE1</string>
				<string>68E12D7117B618B600CCCA01</string>
				<string>68E12D3917B604B400CCCA01</string>
				<string>68E12D3B17B604B400CCCA01</string>
				<string>68E12D3D17B604B400CCCA01</string>
				<string>25FDB9638A0341EA864CE6CB</string>
			</array>
			<key>isa</key>
			<string>PBXFrameworksBuildPhase</string>
			<key>runOnlyForDeploymentPostprocessing</key>
			<string>0</string>
		</dict>
		<key>68E12D3317B604B400CCCA01</key>
		<dict>
			<key>buildActionMask</key>
			<string>2147483647</string>
			<key>files</key>
			<array>
				<string>68E12D4317B604B400CCCA01</string>
				<string>68CFF06317B9060900BD9DE1</string>
				<string>68CFF06517B9060C00BD9DE1</string>
				<string>68CFF06717B920FD00BD9DE1</string>
				<string>68CFF06917B920FF00BD9DE1</string>
				<string>68CFF06B17B9210100BD9DE1</string>
				<string>6851F51817C4D286002593AB</string>
				<string>6851F51A17C4D28A002593AB</string>
				<string>6851F51C17C4D566002593AB</string>
				<string>6851F51E17C4D568002593AB</string>
			</array>
			<key>isa</key>
			<string>PBXResourcesBuildPhase</string>
			<key>runOnlyForDeploymentPostprocessing</key>
			<string>0</string>
		</dict>
		<key>68E12D3417B604B400CCCA01</key>
		<dict>
			<key>buildConfigurationList</key>
			<string>68E12D6717B604B400CCCA01</string>
			<key>buildPhases</key>
			<array>
				<string>686F239C8FA24AB58D141E5F</string>
				<string>68E12D3117B604B400CCCA01</string>
				<string>68E12D3217B604B400CCCA01</string>
				<string>68E12D3317B604B400CCCA01</string>
				<string>6DC7E2A46D784DD291F04690</string>
			</array>
			<key>buildRules</key>
			<array/>
			<key>dependencies</key>
			<array/>
			<key>isa</key>
			<string>PBXNativeTarget</string>
			<key>name</key>
			<string>FortyTwo</string>
			<key>productName</key>
			<string>FortyTwo</string>
			<key>productReference</key>
			<string>68E12D3517B604B400CCCA01</string>
			<key>productType</key>
			<string>com.apple.product-type.application</string>
		</dict>
		<key>68E12D3517B604B400CCCA01</key>
		<dict>
			<key>explicitFileType</key>
			<string>wrapper.application</string>
			<key>includeInIndex</key>
			<string>0</string>
			<key>isa</key>
			<string>PBXFileReference</string>
			<key>path</key>
			<string>FortyTwo.app</string>
			<key>sourceTree</key>
			<string>BUILT_PRODUCTS_DIR</string>
		</dict>
		<key>68E12D3617B604B400CCCA01</key>
		<dict>
			<key>children</key>
			<array>
				<string>68E12D3517B604B400CCCA01</string>
				<string>68E12D5517B604B400CCCA01</string>
				<string>684F4F7017CD05F200C1E066</string>
				<string>684F4F8E17CD05F300C1E066</string>
				<string>680EDD0017D6DF0E00EEACE8</string>
			</array>
			<key>isa</key>
			<string>PBXGroup</string>
			<key>name</key>
			<string>Products</string>
			<key>sourceTree</key>
			<string>&lt;group&gt;</string>
		</dict>
		<key>68E12D3717B604B400CCCA01</key>
		<dict>
			<key>children</key>
			<array>
				<string>688F780317D5E65300A5D41C</string>
				<string>68CFF06017B8E57F00BD9DE1</string>
				<string>68CFF04F17B73A5D00BD9DE1</string>
				<string>68E12D7017B618B600CCCA01</string>
				<string>68E12D3817B604B400CCCA01</string>
				<string>68E12D3A17B604B400CCCA01</string>
				<string>68E12D3C17B604B400CCCA01</string>
				<string>68E12D5617B604B400CCCA01</string>
				<string>E506E5CB430742129E078A47</string>
				<string>684F4F7117CD05F200C1E066</string>
				<string>684F4F7317CD05F200C1E066</string>
			</array>
			<key>isa</key>
			<string>PBXGroup</string>
			<key>name</key>
			<string>Frameworks</string>
			<key>sourceTree</key>
			<string>&lt;group&gt;</string>
		</dict>
		<key>68E12D3817B604B400CCCA01</key>
		<dict>
			<key>isa</key>
			<string>PBXFileReference</string>
			<key>lastKnownFileType</key>
			<string>wrapper.framework</string>
			<key>name</key>
			<string>UIKit.framework</string>
			<key>path</key>
			<string>System/Library/Frameworks/UIKit.framework</string>
			<key>sourceTree</key>
			<string>SDKROOT</string>
		</dict>
		<key>68E12D3917B604B400CCCA01</key>
		<dict>
			<key>fileRef</key>
			<string>68E12D3817B604B400CCCA01</string>
			<key>isa</key>
			<string>PBXBuildFile</string>
		</dict>
		<key>68E12D3A17B604B400CCCA01</key>
		<dict>
			<key>isa</key>
			<string>PBXFileReference</string>
			<key>lastKnownFileType</key>
			<string>wrapper.framework</string>
			<key>name</key>
			<string>Foundation.framework</string>
			<key>path</key>
			<string>System/Library/Frameworks/Foundation.framework</string>
			<key>sourceTree</key>
			<string>SDKROOT</string>
		</dict>
		<key>68E12D3B17B604B400CCCA01</key>
		<dict>
			<key>fileRef</key>
			<string>68E12D3A17B604B400CCCA01</string>
			<key>isa</key>
			<string>PBXBuildFile</string>
		</dict>
		<key>68E12D3C17B604B400CCCA01</key>
		<dict>
			<key>isa</key>
			<string>PBXFileReference</string>
			<key>lastKnownFileType</key>
			<string>wrapper.framework</string>
			<key>name</key>
			<string>CoreGraphics.framework</string>
			<key>path</key>
			<string>System/Library/Frameworks/CoreGraphics.framework</string>
			<key>sourceTree</key>
			<string>SDKROOT</string>
		</dict>
		<key>68E12D3D17B604B400CCCA01</key>
		<dict>
			<key>fileRef</key>
			<string>68E12D3C17B604B400CCCA01</string>
			<key>isa</key>
			<string>PBXBuildFile</string>
		</dict>
		<key>68E12D3E17B604B400CCCA01</key>
		<dict>
			<key>children</key>
			<array>
				<string>68E12D4717B604B400CCCA01</string>
				<string>68E12D4817B604B400CCCA01</string>
				<string>68E12D3F17B604B400CCCA01</string>
				<string>68CFF05B17B7947200BD9DE1</string>
				<string>68CFF06C17B9247400BD9DE1</string>
				<string>680EDCF617D6CC2600EEACE8</string>
				<string>680EDCF717D6CC2600EEACE8</string>
				<string>680EDCF917D6D12F00EEACE8</string>
				<string>680EDCFA17D6D12F00EEACE8</string>
			</array>
			<key>isa</key>
			<string>PBXGroup</string>
			<key>path</key>
			<string>FortyTwo</string>
			<key>sourceTree</key>
			<string>&lt;group&gt;</string>
		</dict>
		<key>68E12D3F17B604B400CCCA01</key>
		<dict>
			<key>children</key>
			<array>
				<string>68E12D4017B604B400CCCA01</string>
				<string>68E12D4117B604B400CCCA01</string>
				<string>68E12D4417B604B400CCCA01</string>
				<string>68E12D4617B604B400CCCA01</string>
				<string>6851F51917C4D28A002593AB</string>
				<string>6851F51717C4D286002593AB</string>
				<string>68CFF06A17B9210100BD9DE1</string>
				<string>68CFF06817B920FF00BD9DE1</string>
				<string>68CFF06617B920FD00BD9DE1</string>
				<string>6851F51D17C4D568002593AB</string>
				<string>6851F51B17C4D566002593AB</string>
				<string>68CFF06417B9060C00BD9DE1</string>
				<string>68CFF06217B9060900BD9DE1</string>
			</array>
			<key>isa</key>
			<string>PBXGroup</string>
			<key>name</key>
			<string>Supporting Files</string>
			<key>sourceTree</key>
			<string>&lt;group&gt;</string>
		</dict>
		<key>68E12D4017B604B400CCCA01</key>
		<dict>
			<key>isa</key>
			<string>PBXFileReference</string>
			<key>lastKnownFileType</key>
			<string>text.plist.xml</string>
			<key>path</key>
			<string>FortyTwo-Info.plist</string>
			<key>sourceTree</key>
			<string>&lt;group&gt;</string>
		</dict>
		<key>68E12D4117B604B400CCCA01</key>
		<dict>
			<key>children</key>
			<array>
				<string>68E12D4217B604B400CCCA01</string>
			</array>
			<key>isa</key>
			<string>PBXVariantGroup</string>
			<key>name</key>
			<string>InfoPlist.strings</string>
			<key>sourceTree</key>
			<string>&lt;group&gt;</string>
		</dict>
		<key>68E12D4217B604B400CCCA01</key>
		<dict>
			<key>isa</key>
			<string>PBXFileReference</string>
			<key>lastKnownFileType</key>
			<string>text.plist.strings</string>
			<key>name</key>
			<string>en</string>
			<key>path</key>
			<string>en.lproj/InfoPlist.strings</string>
			<key>sourceTree</key>
			<string>&lt;group&gt;</string>
		</dict>
		<key>68E12D4317B604B400CCCA01</key>
		<dict>
			<key>fileRef</key>
			<string>68E12D4117B604B400CCCA01</string>
			<key>isa</key>
			<string>PBXBuildFile</string>
		</dict>
		<key>68E12D4417B604B400CCCA01</key>
		<dict>
			<key>isa</key>
			<string>PBXFileReference</string>
			<key>lastKnownFileType</key>
			<string>sourcecode.c.objc</string>
			<key>path</key>
			<string>main.m</string>
			<key>sourceTree</key>
			<string>&lt;group&gt;</string>
		</dict>
		<key>68E12D4517B604B400CCCA01</key>
		<dict>
			<key>fileRef</key>
			<string>68E12D4417B604B400CCCA01</string>
			<key>isa</key>
			<string>PBXBuildFile</string>
		</dict>
		<key>68E12D4617B604B400CCCA01</key>
		<dict>
			<key>isa</key>
			<string>PBXFileReference</string>
			<key>lastKnownFileType</key>
			<string>sourcecode.c.h</string>
			<key>path</key>
			<string>FortyTwo-Prefix.pch</string>
			<key>sourceTree</key>
			<string>&lt;group&gt;</string>
		</dict>
		<key>68E12D4717B604B400CCCA01</key>
		<dict>
			<key>isa</key>
			<string>PBXFileReference</string>
			<key>lastKnownFileType</key>
			<string>sourcecode.c.h</string>
			<key>path</key>
			<string>FTTAppDelegate.h</string>
			<key>sourceTree</key>
			<string>&lt;group&gt;</string>
		</dict>
		<key>68E12D4817B604B400CCCA01</key>
		<dict>
			<key>isa</key>
			<string>PBXFileReference</string>
			<key>lastKnownFileType</key>
			<string>sourcecode.c.objc</string>
			<key>path</key>
			<string>FTTAppDelegate.m</string>
			<key>sourceTree</key>
			<string>&lt;group&gt;</string>
		</dict>
		<key>68E12D4917B604B400CCCA01</key>
		<dict>
			<key>fileRef</key>
			<string>68E12D4817B604B400CCCA01</string>
			<key>isa</key>
			<string>PBXBuildFile</string>
		</dict>
		<key>68E12D5017B604B400CCCA01</key>
		<dict>
			<key>buildActionMask</key>
			<string>2147483647</string>
			<key>files</key>
			<array>
				<string>68E12D6417B604B400CCCA01</string>
			</array>
			<key>isa</key>
			<string>PBXSourcesBuildPhase</string>
			<key>runOnlyForDeploymentPostprocessing</key>
			<string>0</string>
		</dict>
		<key>68E12D5117B604B400CCCA01</key>
		<dict>
			<key>buildActionMask</key>
			<string>2147483647</string>
			<key>files</key>
			<array>
				<string>68E12D5717B604B400CCCA01</string>
				<string>68E12D5817B604B400CCCA01</string>
				<string>68E12D5917B604B400CCCA01</string>
			</array>
			<key>isa</key>
			<string>PBXFrameworksBuildPhase</string>
			<key>runOnlyForDeploymentPostprocessing</key>
			<string>0</string>
		</dict>
		<key>68E12D5217B604B400CCCA01</key>
		<dict>
			<key>buildActionMask</key>
			<string>2147483647</string>
			<key>files</key>
			<array>
				<string>68E12D6117B604B400CCCA01</string>
			</array>
			<key>isa</key>
			<string>PBXResourcesBuildPhase</string>
			<key>runOnlyForDeploymentPostprocessing</key>
			<string>0</string>
		</dict>
		<key>68E12D5317B604B400CCCA01</key>
		<dict>
			<key>buildActionMask</key>
			<string>2147483647</string>
			<key>files</key>
			<array/>
			<key>inputPaths</key>
			<array/>
			<key>isa</key>
			<string>PBXShellScriptBuildPhase</string>
			<key>outputPaths</key>
			<array/>
			<key>runOnlyForDeploymentPostprocessing</key>
			<string>0</string>
			<key>shellPath</key>
			<string>/bin/sh</string>
			<key>shellScript</key>
			<string># Run the unit tests in this test bundle.
"${SYSTEM_DEVELOPER_DIR}/Tools/RunUnitTests"
</string>
		</dict>
		<key>68E12D5417B604B400CCCA01</key>
		<dict>
			<key>buildConfigurationList</key>
			<string>68E12D6A17B604B400CCCA01</string>
			<key>buildPhases</key>
			<array>
				<string>68E12D5017B604B400CCCA01</string>
				<string>68E12D5117B604B400CCCA01</string>
				<string>68E12D5217B604B400CCCA01</string>
				<string>68E12D5317B604B400CCCA01</string>
			</array>
			<key>buildRules</key>
			<array/>
			<key>dependencies</key>
			<array>
				<string>68E12D5B17B604B400CCCA01</string>
			</array>
			<key>isa</key>
			<string>PBXNativeTarget</string>
			<key>name</key>
			<string>FortyTwoTests</string>
			<key>productName</key>
			<string>FortyTwoTests</string>
			<key>productReference</key>
			<string>68E12D5517B604B400CCCA01</string>
			<key>productType</key>
			<string>com.apple.product-type.bundle</string>
		</dict>
		<key>68E12D5517B604B400CCCA01</key>
		<dict>
			<key>explicitFileType</key>
			<string>wrapper.cfbundle</string>
			<key>includeInIndex</key>
			<string>0</string>
			<key>isa</key>
			<string>PBXFileReference</string>
			<key>path</key>
			<string>FortyTwoTests.octest</string>
			<key>sourceTree</key>
			<string>BUILT_PRODUCTS_DIR</string>
		</dict>
		<key>68E12D5617B604B400CCCA01</key>
		<dict>
			<key>isa</key>
			<string>PBXFileReference</string>
			<key>lastKnownFileType</key>
			<string>wrapper.framework</string>
			<key>name</key>
			<string>SenTestingKit.framework</string>
			<key>path</key>
			<string>Library/Frameworks/SenTestingKit.framework</string>
			<key>sourceTree</key>
			<string>DEVELOPER_DIR</string>
		</dict>
		<key>68E12D5717B604B400CCCA01</key>
		<dict>
			<key>fileRef</key>
			<string>68E12D5617B604B400CCCA01</string>
			<key>isa</key>
			<string>PBXBuildFile</string>
		</dict>
		<key>68E12D5817B604B400CCCA01</key>
		<dict>
			<key>fileRef</key>
			<string>68E12D3817B604B400CCCA01</string>
			<key>isa</key>
			<string>PBXBuildFile</string>
		</dict>
		<key>68E12D5917B604B400CCCA01</key>
		<dict>
			<key>fileRef</key>
			<string>68E12D3A17B604B400CCCA01</string>
			<key>isa</key>
			<string>PBXBuildFile</string>
		</dict>
		<key>68E12D5A17B604B400CCCA01</key>
		<dict>
			<key>containerPortal</key>
			<string>68E12D2D17B604B400CCCA01</string>
			<key>isa</key>
			<string>PBXContainerItemProxy</string>
			<key>proxyType</key>
			<string>1</string>
			<key>remoteGlobalIDString</key>
			<string>68E12D3417B604B400CCCA01</string>
			<key>remoteInfo</key>
			<string>FortyTwo</string>
		</dict>
		<key>68E12D5B17B604B400CCCA01</key>
		<dict>
			<key>isa</key>
			<string>PBXTargetDependency</string>
			<key>target</key>
			<string>68E12D3417B604B400CCCA01</string>
			<key>targetProxy</key>
			<string>68E12D5A17B604B400CCCA01</string>
		</dict>
		<key>68E12D5C17B604B400CCCA01</key>
		<dict>
			<key>children</key>
			<array>
				<string>68E12D6217B604B400CCCA01</string>
				<string>68E12D6317B604B400CCCA01</string>
				<string>68E12D5D17B604B400CCCA01</string>
			</array>
			<key>isa</key>
			<string>PBXGroup</string>
			<key>path</key>
			<string>FortyTwoTests</string>
			<key>sourceTree</key>
			<string>&lt;group&gt;</string>
		</dict>
		<key>68E12D5D17B604B400CCCA01</key>
		<dict>
			<key>children</key>
			<array>
				<string>68E12D5E17B604B400CCCA01</string>
				<string>68E12D5F17B604B400CCCA01</string>
			</array>
			<key>isa</key>
			<string>PBXGroup</string>
			<key>name</key>
			<string>Supporting Files</string>
			<key>sourceTree</key>
			<string>&lt;group&gt;</string>
		</dict>
		<key>68E12D5E17B604B400CCCA01</key>
		<dict>
			<key>isa</key>
			<string>PBXFileReference</string>
			<key>lastKnownFileType</key>
			<string>text.plist.xml</string>
			<key>path</key>
			<string>FortyTwoTests-Info.plist</string>
			<key>sourceTree</key>
			<string>&lt;group&gt;</string>
		</dict>
		<key>68E12D5F17B604B400CCCA01</key>
		<dict>
			<key>children</key>
			<array>
				<string>68E12D6017B604B400CCCA01</string>
			</array>
			<key>isa</key>
			<string>PBXVariantGroup</string>
			<key>name</key>
			<string>InfoPlist.strings</string>
			<key>sourceTree</key>
			<string>&lt;group&gt;</string>
		</dict>
		<key>68E12D6017B604B400CCCA01</key>
		<dict>
			<key>isa</key>
			<string>PBXFileReference</string>
			<key>lastKnownFileType</key>
			<string>text.plist.strings</string>
			<key>name</key>
			<string>en</string>
			<key>path</key>
			<string>en.lproj/InfoPlist.strings</string>
			<key>sourceTree</key>
			<string>&lt;group&gt;</string>
		</dict>
		<key>68E12D6117B604B400CCCA01</key>
		<dict>
			<key>fileRef</key>
			<string>68E12D5F17B604B400CCCA01</string>
			<key>isa</key>
			<string>PBXBuildFile</string>
		</dict>
		<key>68E12D6217B604B400CCCA01</key>
		<dict>
			<key>isa</key>
			<string>PBXFileReference</string>
			<key>lastKnownFileType</key>
			<string>sourcecode.c.h</string>
			<key>path</key>
			<string>FortyTwoTests.h</string>
			<key>sourceTree</key>
			<string>&lt;group&gt;</string>
		</dict>
		<key>68E12D6317B604B400CCCA01</key>
		<dict>
			<key>isa</key>
			<string>PBXFileReference</string>
			<key>lastKnownFileType</key>
			<string>sourcecode.c.objc</string>
			<key>path</key>
			<string>FortyTwoTests.m</string>
			<key>sourceTree</key>
			<string>&lt;group&gt;</string>
		</dict>
		<key>68E12D6417B604B400CCCA01</key>
		<dict>
			<key>fileRef</key>
			<string>68E12D6317B604B400CCCA01</string>
			<key>isa</key>
			<string>PBXBuildFile</string>
		</dict>
		<key>68E12D6517B604B400CCCA01</key>
		<dict>
			<key>buildSettings</key>
			<dict>
				<key>ALWAYS_SEARCH_USER_PATHS</key>
				<string>NO</string>
				<key>CLANG_CXX_LANGUAGE_STANDARD</key>
				<string>gnu++0x</string>
				<key>CLANG_CXX_LIBRARY</key>
				<string>libc++</string>
				<key>CLANG_ENABLE_OBJC_ARC</key>
				<string>YES</string>
				<key>CLANG_WARN_CONSTANT_CONVERSION</key>
				<string>YES</string>
				<key>CLANG_WARN_EMPTY_BODY</key>
				<string>YES</string>
				<key>CLANG_WARN_ENUM_CONVERSION</key>
				<string>YES</string>
				<key>CLANG_WARN_INT_CONVERSION</key>
				<string>YES</string>
				<key>CLANG_WARN__DUPLICATE_METHOD_MATCH</key>
				<string>YES</string>
				<key>CODE_SIGN_IDENTITY[sdk=iphoneos*]</key>
				<string>iPhone Developer</string>
				<key>COPY_PHASE_STRIP</key>
				<string>NO</string>
				<key>GCC_C_LANGUAGE_STANDARD</key>
				<string>gnu99</string>
				<key>GCC_DYNAMIC_NO_PIC</key>
				<string>NO</string>
				<key>GCC_OPTIMIZATION_LEVEL</key>
				<string>0</string>
				<key>GCC_PREPROCESSOR_DEFINITIONS</key>
				<array>
					<string>DEBUG=1</string>
					<string>$(inherited)</string>
				</array>
				<key>GCC_SYMBOLS_PRIVATE_EXTERN</key>
				<string>NO</string>
				<key>GCC_WARN_ABOUT_RETURN_TYPE</key>
				<string>YES</string>
				<key>GCC_WARN_UNINITIALIZED_AUTOS</key>
				<string>YES</string>
				<key>GCC_WARN_UNUSED_VARIABLE</key>
				<string>YES</string>
				<key>IPHONEOS_DEPLOYMENT_TARGET</key>
				<string>6.0</string>
				<key>ONLY_ACTIVE_ARCH</key>
				<string>YES</string>
				<key>SDKROOT</key>
				<string>iphoneos</string>
			</dict>
			<key>isa</key>
			<string>XCBuildConfiguration</string>
			<key>name</key>
			<string>Debug</string>
		</dict>
		<key>68E12D6617B604B400CCCA01</key>
		<dict>
			<key>buildSettings</key>
			<dict>
				<key>ALWAYS_SEARCH_USER_PATHS</key>
				<string>NO</string>
				<key>CLANG_CXX_LANGUAGE_STANDARD</key>
				<string>gnu++0x</string>
				<key>CLANG_CXX_LIBRARY</key>
				<string>libc++</string>
				<key>CLANG_ENABLE_OBJC_ARC</key>
				<string>YES</string>
				<key>CLANG_WARN_CONSTANT_CONVERSION</key>
				<string>YES</string>
				<key>CLANG_WARN_EMPTY_BODY</key>
				<string>YES</string>
				<key>CLANG_WARN_ENUM_CONVERSION</key>
				<string>YES</string>
				<key>CLANG_WARN_INT_CONVERSION</key>
				<string>YES</string>
				<key>CLANG_WARN__DUPLICATE_METHOD_MATCH</key>
				<string>YES</string>
				<key>CODE_SIGN_IDENTITY[sdk=iphoneos*]</key>
				<string>iPhone Developer</string>
				<key>COPY_PHASE_STRIP</key>
				<string>YES</string>
				<key>GCC_C_LANGUAGE_STANDARD</key>
				<string>gnu99</string>
				<key>GCC_WARN_ABOUT_RETURN_TYPE</key>
				<string>YES</string>
				<key>GCC_WARN_UNINITIALIZED_AUTOS</key>
				<string>YES</string>
				<key>GCC_WARN_UNUSED_VARIABLE</key>
				<string>YES</string>
				<key>IPHONEOS_DEPLOYMENT_TARGET</key>
				<string>6.0</string>
				<key>OTHER_CFLAGS</key>
				<string>-DNS_BLOCK_ASSERTIONS=1</string>
				<key>SDKROOT</key>
				<string>iphoneos</string>
				<key>VALIDATE_PRODUCT</key>
				<string>YES</string>
			</dict>
			<key>isa</key>
			<string>XCBuildConfiguration</string>
			<key>name</key>
			<string>Release</string>
		</dict>
		<key>68E12D6717B604B400CCCA01</key>
		<dict>
			<key>buildConfigurations</key>
			<array>
				<string>68E12D6817B604B400CCCA01</string>
				<string>68E12D6917B604B400CCCA01</string>
			</array>
			<key>defaultConfigurationIsVisible</key>
			<string>0</string>
			<key>defaultConfigurationName</key>
			<string>Release</string>
			<key>isa</key>
			<string>XCConfigurationList</string>
		</dict>
		<key>68E12D6817B604B400CCCA01</key>
		<dict>
			<key>baseConfigurationReference</key>
			<string>B7A1CE0C22884CB4A8A417B4</string>
			<key>buildSettings</key>
			<dict>
				<key>GCC_PRECOMPILE_PREFIX_HEADER</key>
				<string>YES</string>
				<key>GCC_PREFIX_HEADER</key>
				<string>FortyTwo/FortyTwo-Prefix.pch</string>
				<key>INFOPLIST_FILE</key>
				<string>FortyTwo/FortyTwo-Info.plist</string>
				<key>IPHONEOS_DEPLOYMENT_TARGET</key>
				<string>6.0</string>
				<key>PRODUCT_NAME</key>
				<string>$(TARGET_NAME)</string>
				<key>TARGETED_DEVICE_FAMILY</key>
				<string>1,2</string>
				<key>WRAPPER_EXTENSION</key>
				<string>app</string>
			</dict>
			<key>isa</key>
			<string>XCBuildConfiguration</string>
			<key>name</key>
			<string>Debug</string>
		</dict>
		<key>68E12D6917B604B400CCCA01</key>
		<dict>
			<key>baseConfigurationReference</key>
			<string>B7A1CE0C22884CB4A8A417B4</string>
			<key>buildSettings</key>
			<dict>
				<key>GCC_PRECOMPILE_PREFIX_HEADER</key>
				<string>YES</string>
				<key>GCC_PREFIX_HEADER</key>
				<string>FortyTwo/FortyTwo-Prefix.pch</string>
				<key>INFOPLIST_FILE</key>
				<string>FortyTwo/FortyTwo-Info.plist</string>
				<key>IPHONEOS_DEPLOYMENT_TARGET</key>
				<string>6.0</string>
				<key>PRODUCT_NAME</key>
				<string>$(TARGET_NAME)</string>
				<key>TARGETED_DEVICE_FAMILY</key>
				<string>1,2</string>
				<key>WRAPPER_EXTENSION</key>
				<string>app</string>
			</dict>
			<key>isa</key>
			<string>XCBuildConfiguration</string>
			<key>name</key>
			<string>Release</string>
		</dict>
		<key>68E12D6A17B604B400CCCA01</key>
		<dict>
			<key>buildConfigurations</key>
			<array>
				<string>68E12D6B17B604B400CCCA01</string>
				<string>68E12D6C17B604B400CCCA01</string>
			</array>
			<key>defaultConfigurationIsVisible</key>
			<string>0</string>
			<key>defaultConfigurationName</key>
			<string>Release</string>
			<key>isa</key>
			<string>XCConfigurationList</string>
		</dict>
		<key>68E12D6B17B604B400CCCA01</key>
		<dict>
			<key>buildSettings</key>
			<dict>
				<key>BUNDLE_LOADER</key>
				<string>$(BUILT_PRODUCTS_DIR)/FortyTwo.app/FortyTwo</string>
				<key>FRAMEWORK_SEARCH_PATHS</key>
				<array>
					<string>"$(SDKROOT)/Developer/Library/Frameworks"</string>
					<string>"$(DEVELOPER_LIBRARY_DIR)/Frameworks"</string>
				</array>
				<key>GCC_PRECOMPILE_PREFIX_HEADER</key>
				<string>YES</string>
				<key>GCC_PREFIX_HEADER</key>
				<string>FortyTwo/FortyTwo-Prefix.pch</string>
				<key>INFOPLIST_FILE</key>
				<string>FortyTwoTests/FortyTwoTests-Info.plist</string>
				<key>PRODUCT_NAME</key>
				<string>$(TARGET_NAME)</string>
				<key>TEST_HOST</key>
				<string>$(BUNDLE_LOADER)</string>
				<key>WRAPPER_EXTENSION</key>
				<string>octest</string>
			</dict>
			<key>isa</key>
			<string>XCBuildConfiguration</string>
			<key>name</key>
			<string>Debug</string>
		</dict>
		<key>68E12D6C17B604B400CCCA01</key>
		<dict>
			<key>buildSettings</key>
			<dict>
				<key>BUNDLE_LOADER</key>
				<string>$(BUILT_PRODUCTS_DIR)/FortyTwo.app/FortyTwo</string>
				<key>FRAMEWORK_SEARCH_PATHS</key>
				<array>
					<string>"$(SDKROOT)/Developer/Library/Frameworks"</string>
					<string>"$(DEVELOPER_LIBRARY_DIR)/Frameworks"</string>
				</array>
				<key>GCC_PRECOMPILE_PREFIX_HEADER</key>
				<string>YES</string>
				<key>GCC_PREFIX_HEADER</key>
				<string>FortyTwo/FortyTwo-Prefix.pch</string>
				<key>INFOPLIST_FILE</key>
				<string>FortyTwoTests/FortyTwoTests-Info.plist</string>
				<key>PRODUCT_NAME</key>
				<string>$(TARGET_NAME)</string>
				<key>TEST_HOST</key>
				<string>$(BUNDLE_LOADER)</string>
				<key>WRAPPER_EXTENSION</key>
				<string>octest</string>
			</dict>
			<key>isa</key>
			<string>XCBuildConfiguration</string>
			<key>name</key>
			<string>Release</string>
		</dict>
		<key>68E12D6D17B6167C00CCCA01</key>
		<dict>
			<key>fileEncoding</key>
			<string>4</string>
			<key>isa</key>
			<string>PBXFileReference</string>
			<key>lastKnownFileType</key>
			<string>sourcecode.c.h</string>
			<key>path</key>
			<string>FTTGameViewController.h</string>
			<key>sourceTree</key>
			<string>&lt;group&gt;</string>
		</dict>
		<key>68E12D6E17B6167C00CCCA01</key>
		<dict>
			<key>fileEncoding</key>
			<string>4</string>
			<key>isa</key>
			<string>PBXFileReference</string>
			<key>lastKnownFileType</key>
			<string>sourcecode.c.objc</string>
			<key>path</key>
			<string>FTTGameViewController.m</string>
			<key>sourceTree</key>
			<string>&lt;group&gt;</string>
		</dict>
		<key>68E12D6F17B6167C00CCCA01</key>
		<dict>
			<key>fileRef</key>
			<string>68E12D6E17B6167C00CCCA01</string>
			<key>isa</key>
			<string>PBXBuildFile</string>
		</dict>
		<key>68E12D7017B618B600CCCA01</key>
		<dict>
			<key>isa</key>
			<string>PBXFileReference</string>
			<key>lastKnownFileType</key>
			<string>wrapper.framework</string>
			<key>name</key>
			<string>CoreMotion.framework</string>
			<key>path</key>
			<string>System/Library/Frameworks/CoreMotion.framework</string>
			<key>sourceTree</key>
			<string>SDKROOT</string>
		</dict>
		<key>68E12D7117B618B600CCCA01</key>
		<dict>
			<key>fileRef</key>
			<string>68E12D7017B618B600CCCA01</string>
			<key>isa</key>
			<string>PBXBuildFile</string>
		</dict>
		<key>6DC7E2A46D784DD291F04690</key>
		<dict>
			<key>buildActionMask</key>
			<string>2147483647</string>
			<key>files</key>
			<array/>
			<key>inputPaths</key>
			<array/>
			<key>isa</key>
			<string>PBXShellScriptBuildPhase</string>
			<key>name</key>
			<string>Copy Pods Resources</string>
			<key>outputPaths</key>
			<array/>
			<key>runOnlyForDeploymentPostprocessing</key>
			<string>0</string>
			<key>shellPath</key>
			<string>/bin/sh</string>
			<key>shellScript</key>
			<string>"${SRCROOT}/Pods/Pods-resources.sh"
</string>
			<key>showEnvVarsInLog</key>
			<string>0</string>
		</dict>
		<key>A96349C73D9247C1B2BEE5A7</key>
		<dict>
			<key>buildActionMask</key>
			<string>2147483647</string>
			<key>files</key>
			<array/>
			<key>inputPaths</key>
			<array/>
			<key>isa</key>
			<string>PBXShellScriptBuildPhase</string>
			<key>name</key>
			<string>Copy Pods Resources</string>
			<key>outputPaths</key>
			<array/>
			<key>runOnlyForDeploymentPostprocessing</key>
			<string>0</string>
			<key>shellPath</key>
			<string>/bin/sh</string>
			<key>shellScript</key>
			<string>"${SRCROOT}/Pods/Pods-resources.sh"
</string>
			<key>showEnvVarsInLog</key>
			<string>0</string>
		</dict>
		<key>B7A1CE0C22884CB4A8A417B4</key>
		<dict>
			<key>includeInIndex</key>
			<string>1</string>
			<key>isa</key>
			<string>PBXFileReference</string>
			<key>lastKnownFileType</key>
			<string>text.xcconfig</string>
			<key>name</key>
			<string>Pods.xcconfig</string>
			<key>path</key>
			<string>Pods/Pods.xcconfig</string>
			<key>sourceTree</key>
			<string>SOURCE_ROOT</string>
		</dict>
		<key>E506E5CB430742129E078A47</key>
		<dict>
			<key>explicitFileType</key>
			<string>archive.ar</string>
			<key>includeInIndex</key>
			<string>0</string>
			<key>isa</key>
			<string>PBXFileReference</string>
			<key>path</key>
			<string>libPods.a</string>
			<key>sourceTree</key>
			<string>BUILT_PRODUCTS_DIR</string>
		</dict>
	</dict>
	<key>rootObject</key>
	<string>68E12D2D17B604B400CCCA01</string>
</dict>
</plist>
